<?xml version="1.0" encoding="utf-8"?>
<Project ToolsVersion="4.0" xmlns="http://schemas.microsoft.com/developer/msbuild/2003">
  <ItemGroup>
    <Filter Include="소스 파일">
      <UniqueIdentifier>{4FC737F1-C7A5-4376-A066-2A32D752A2FF}</UniqueIdentifier>
      <Extensions>cpp;c;cc;cxx;def;odl;idl;hpj;bat;asm;asmx</Extensions>
    </Filter>
    <Filter Include="헤더 파일">
      <UniqueIdentifier>{93995380-89BD-4b04-88EB-625FBE52EBFB}</UniqueIdentifier>
      <Extensions>h;hh;hpp;hxx;hm;inl;inc;xsd</Extensions>
    </Filter>
    <Filter Include="리소스 파일">
      <UniqueIdentifier>{67DA6AB6-F800-4c08-8B7A-83BB121AAD01}</UniqueIdentifier>
      <Extensions>rc;ico;cur;bmp;dlg;rc2;rct;bin;rgs;gif;jpg;jpeg;jpe;resx;tiff;tif;png;wav;mfcribbon-ms</Extensions>
    </Filter>
    <Filter Include="2DFrameWork">
      <UniqueIdentifier>{13ee519b-4ff9-47fe-abd3-c955a18eccca}</UniqueIdentifier>
    </Filter>
    <Filter Include="2DFrameWork\Image">
      <UniqueIdentifier>{307688a9-26df-4eb2-92f7-7fd7e9c345c9}</UniqueIdentifier>
    </Filter>
    <Filter Include="2DFrameWork\GameNode">
      <UniqueIdentifier>{7b3d6eb0-1269-4e0a-8006-5e22a52b6e83}</UniqueIdentifier>
    </Filter>
    <Filter Include="MainGame">
      <UniqueIdentifier>{c72c40fa-956a-4f06-b089-0473059a0531}</UniqueIdentifier>
    </Filter>
    <Filter Include="2DFrameWork\BackBuffer">
      <UniqueIdentifier>{3345a5f2-7b39-48e5-821d-7da96f36350a}</UniqueIdentifier>
    </Filter>
    <Filter Include="2DFrameWork\KeyManager">
      <UniqueIdentifier>{4158a5c1-7480-45b8-9d9f-0fd4dfcd1e15}</UniqueIdentifier>
    </Filter>
    <Filter Include="2DFrameWork\SingletonBase">
      <UniqueIdentifier>{0afbbbe2-402e-4dd0-961e-8acadb960a2e}</UniqueIdentifier>
    </Filter>
    <Filter Include="2DFrameWork\ImageManager">
      <UniqueIdentifier>{a139247c-e338-4a1e-9cd0-479649967329}</UniqueIdentifier>
    </Filter>
    <Filter Include="2DFrameWork\Timer">
      <UniqueIdentifier>{e8b38cb4-3a95-4b1e-be86-8feb88dfb6e6}</UniqueIdentifier>
    </Filter>
    <Filter Include="2DFrameWork\TimeManager">
      <UniqueIdentifier>{b8fa0eb9-6f54-4932-b0af-b5440740d1a5}</UniqueIdentifier>
    </Filter>
    <Filter Include="2DFrameWork\Animation">
      <UniqueIdentifier>{c2885263-0526-43b4-bab0-d0bf10303e61}</UniqueIdentifier>
    </Filter>
    <Filter Include="2DFrameWork\Effect">
      <UniqueIdentifier>{fc2adefe-fafc-450a-95bf-d0d1173f5c5e}</UniqueIdentifier>
    </Filter>
    <Filter Include="2DFrameWork\EffectManager">
      <UniqueIdentifier>{ad5c65fd-e60b-444a-9d36-5b52ec3965a3}</UniqueIdentifier>
    </Filter>
    <Filter Include="2DFrameWork\SoundManager">
      <UniqueIdentifier>{6ed1a895-cf9c-4ef3-880e-2af3d296dc33}</UniqueIdentifier>
    </Filter>
    <Filter Include="2DFrameWork\SceneManager">
      <UniqueIdentifier>{b57a1fcc-6ffa-42ac-b582-c07b647ba1ae}</UniqueIdentifier>
    </Filter>
    <Filter Include="MainGame\GameScene">
      <UniqueIdentifier>{30f39b17-1d12-48a3-a875-39e392a414a2}</UniqueIdentifier>
    </Filter>
    <Filter Include="MainGame\StartScene">
      <UniqueIdentifier>{cc0ac7af-8435-4101-90c9-6ed95ed519ad}</UniqueIdentifier>
    </Filter>
    <Filter Include="2DFrameWork\ImageFont">
      <UniqueIdentifier>{4a708044-dbcb-4db0-8408-12056042f9f7}</UniqueIdentifier>
    </Filter>
    <Filter Include="2DFrameWork\TextData">
      <UniqueIdentifier>{3445508e-b999-4e08-82a3-8c1fa18076a5}</UniqueIdentifier>
    </Filter>
    <Filter Include="MainGame\MapTool">
      <UniqueIdentifier>{0dec1f8a-6ec2-43d5-b579-c41bdb06dea4}</UniqueIdentifier>
    </Filter>
    <Filter Include="2DFrameWork\Button">
      <UniqueIdentifier>{a347f790-02cb-4d03-8ec1-6652925fa9a6}</UniqueIdentifier>
    </Filter>
    <Filter Include="MainGame\Building">
      <UniqueIdentifier>{2c219b99-67ca-42ba-9bd2-abbb8d905528}</UniqueIdentifier>
    </Filter>
    <Filter Include="MainGame\Powerup">
      <UniqueIdentifier>{6fdd9d8e-c3d5-4000-837d-1659677ef4ce}</UniqueIdentifier>
    </Filter>
    <Filter Include="MainGame\Research">
      <UniqueIdentifier>{7dcd2f53-4075-48f9-82b8-3b42b2ef8918}</UniqueIdentifier>
    </Filter>
    <Filter Include="MainGame\Unit">
      <UniqueIdentifier>{6a5d8dff-88e1-4c08-87ba-bc5eb1791e19}</UniqueIdentifier>
    </Filter>
    <Filter Include="MainGame\Building\Tower">
      <UniqueIdentifier>{2b1654e0-1591-476f-bca1-ab0e0481bdbb}</UniqueIdentifier>
    </Filter>
    <Filter Include="2DFrameWork\ProgressBar">
      <UniqueIdentifier>{2bdef6eb-1a02-451f-9fd0-a48fc1028493}</UniqueIdentifier>
    </Filter>
    <Filter Include="MainGame\Unit\Managers">
      <UniqueIdentifier>{803097ad-a35d-4ef2-9e5f-190ba9a5d8a9}</UniqueIdentifier>
    </Filter>
    <Filter Include="MainGame\Unit\Enemy">
      <UniqueIdentifier>{d3d1e398-b0da-4c96-b29e-9eb3403dcd0b}</UniqueIdentifier>
    </Filter>
    <Filter Include="MainGame\Tile">
      <UniqueIdentifier>{f279149c-e05e-49db-a776-20ebf4d302cf}</UniqueIdentifier>
    </Filter>
    <Filter Include="MainGame\Building\Tower\Bullet">
      <UniqueIdentifier>{fda9c122-70d5-4191-a020-dfdba92bef99}</UniqueIdentifier>
    </Filter>
    <Filter Include="MainGame\Building\Tower\Base">
      <UniqueIdentifier>{a0d5f574-ffb4-4fc0-9496-a519deb60654}</UniqueIdentifier>
    </Filter>
  </ItemGroup>
  <ItemGroup>
    <ClInclude Include="stdafx.h">
      <Filter>헤더 파일</Filter>
    </ClInclude>
    <ClInclude Include="targetver.h">
      <Filter>헤더 파일</Filter>
    </ClInclude>
    <ClInclude Include="resource.h">
      <Filter>헤더 파일</Filter>
    </ClInclude>
    <ClInclude Include="2DFrameWork.h">
      <Filter>헤더 파일</Filter>
    </ClInclude>
    <ClInclude Include="Image.h">
      <Filter>2DFrameWork\Image</Filter>
    </ClInclude>
    <ClInclude Include="GameNode.h">
      <Filter>2DFrameWork\GameNode</Filter>
    </ClInclude>
    <ClInclude Include="MainGame.h">
      <Filter>MainGame</Filter>
    </ClInclude>
    <ClInclude Include="BackBuffer.h">
      <Filter>2DFrameWork\BackBuffer</Filter>
    </ClInclude>
    <ClInclude Include="KeyManager.h">
      <Filter>2DFrameWork\KeyManager</Filter>
    </ClInclude>
    <ClInclude Include="SingletonBase.h">
      <Filter>2DFrameWork\SingletonBase</Filter>
    </ClInclude>
    <ClInclude Include="commonFunction.h">
      <Filter>헤더 파일</Filter>
    </ClInclude>
    <ClInclude Include="ImageManager.h">
      <Filter>2DFrameWork\ImageManager</Filter>
    </ClInclude>
    <ClInclude Include="Timer.h">
      <Filter>2DFrameWork\Timer</Filter>
    </ClInclude>
    <ClInclude Include="TimeManager.h">
      <Filter>2DFrameWork\TimeManager</Filter>
    </ClInclude>
    <ClInclude Include="Animation.h">
      <Filter>2DFrameWork\Animation</Filter>
    </ClInclude>
    <ClInclude Include="Effect.h">
      <Filter>2DFrameWork\Effect</Filter>
    </ClInclude>
    <ClInclude Include="EffectManager.h">
      <Filter>2DFrameWork\EffectManager</Filter>
    </ClInclude>
    <ClInclude Include="SoundManager.h">
      <Filter>2DFrameWork\SoundManager</Filter>
    </ClInclude>
    <ClInclude Include="SceneManager.h">
      <Filter>2DFrameWork\SceneManager</Filter>
    </ClInclude>
    <ClInclude Include="GameScene.h">
      <Filter>MainGame\GameScene</Filter>
    </ClInclude>
    <ClInclude Include="StartScene.h">
      <Filter>MainGame\StartScene</Filter>
    </ClInclude>
    <ClInclude Include="ImageFont.h">
      <Filter>2DFrameWork\ImageFont</Filter>
    </ClInclude>
    <ClInclude Include="TextData.h">
      <Filter>2DFrameWork\TextData</Filter>
    </ClInclude>
    <ClInclude Include="Button.h">
      <Filter>2DFrameWork\Button</Filter>
    </ClInclude>
    <ClInclude Include="Research.h">
      <Filter>MainGame\Research</Filter>
    </ClInclude>
    <ClInclude Include="Powerup.h">
      <Filter>MainGame\Powerup</Filter>
    </ClInclude>
    <ClInclude Include="ProgressBar.h">
      <Filter>2DFrameWork\ProgressBar</Filter>
    </ClInclude>
    <ClInclude Include="Bullet.h">
      <Filter>MainGame\Building\Tower\Bullet</Filter>
    </ClInclude>
    <ClInclude Include="EnemyManager.h">
      <Filter>MainGame\Unit\Managers</Filter>
    </ClInclude>
    <ClInclude Include="Tile.h">
      <Filter>MainGame\Tile</Filter>
    </ClInclude>
    <ClInclude Include="Tower.h">
      <Filter>MainGame\Building\Tower</Filter>
    </ClInclude>
    <ClInclude Include="MapTool.h">
      <Filter>MainGame\MapTool</Filter>
    </ClInclude>
    <ClInclude Include="BuildingManager.h">
      <Filter>MainGame\Building</Filter>
    </ClInclude>
    <ClInclude Include="Base.h">
      <Filter>MainGame\Building\Tower\Base</Filter>
    </ClInclude>
    <ClInclude Include="Enemy.h">
      <Filter>MainGame\Unit\Enemy</Filter>
    </ClInclude>
  </ItemGroup>
  <ItemGroup>
    <ClCompile Include="stdafx.cpp">
      <Filter>소스 파일</Filter>
    </ClCompile>
    <ClCompile Include="2DFrameWork.cpp">
      <Filter>소스 파일</Filter>
    </ClCompile>
    <ClCompile Include="Image.cpp">
      <Filter>2DFrameWork\Image</Filter>
    </ClCompile>
    <ClCompile Include="GameNode.cpp">
      <Filter>2DFrameWork\GameNode</Filter>
    </ClCompile>
    <ClCompile Include="MainGame.cpp">
      <Filter>MainGame</Filter>
    </ClCompile>
    <ClCompile Include="BackBuffer.cpp">
      <Filter>2DFrameWork\BackBuffer</Filter>
    </ClCompile>
    <ClCompile Include="KeyManager.cpp">
      <Filter>2DFrameWork\KeyManager</Filter>
    </ClCompile>
    <ClCompile Include="ImageManager.cpp">
      <Filter>2DFrameWork\ImageManager</Filter>
    </ClCompile>
    <ClCompile Include="Timer.cpp">
      <Filter>2DFrameWork\Timer</Filter>
    </ClCompile>
    <ClCompile Include="Animation.cpp">
      <Filter>2DFrameWork\Animation</Filter>
    </ClCompile>
    <ClCompile Include="Effect.cpp">
      <Filter>2DFrameWork\Effect</Filter>
    </ClCompile>
    <ClCompile Include="EffectManager.cpp">
      <Filter>2DFrameWork\EffectManager</Filter>
    </ClCompile>
    <ClCompile Include="TimeManager.cpp">
      <Filter>2DFrameWork\TimeManager</Filter>
    </ClCompile>
    <ClCompile Include="SoundManager.cpp">
      <Filter>2DFrameWork\SoundManager</Filter>
    </ClCompile>
    <ClCompile Include="SceneManager.cpp">
      <Filter>2DFrameWork\SceneManager</Filter>
    </ClCompile>
    <ClCompile Include="GameScene.cpp">
      <Filter>MainGame\GameScene</Filter>
    </ClCompile>
    <ClCompile Include="StartScene.cpp">
      <Filter>MainGame\StartScene</Filter>
    </ClCompile>
    <ClCompile Include="TextData.cpp">
      <Filter>2DFrameWork\TextData</Filter>
    </ClCompile>
    <ClCompile Include="ImageFont.cpp">
      <Filter>2DFrameWork\ImageFont</Filter>
    </ClCompile>
    <ClCompile Include="Button.cpp">
      <Filter>2DFrameWork\Button</Filter>
    </ClCompile>
    <ClCompile Include="ProgressBar.cpp">
      <Filter>2DFrameWork\ProgressBar</Filter>
    </ClCompile>
    <ClCompile Include="Bullet.cpp">
      <Filter>MainGame\Building\Tower\Bullet</Filter>
    </ClCompile>
    <ClCompile Include="Tile.cpp">
      <Filter>MainGame\Tile</Filter>
    </ClCompile>
    <ClCompile Include="Tower.cpp">
      <Filter>MainGame\Building\Tower</Filter>
    </ClCompile>
    <ClCompile Include="MapTool.cpp">
      <Filter>MainGame\MapTool</Filter>
    </ClCompile>
    <ClCompile Include="BuildingManager.cpp">
      <Filter>MainGame\Building</Filter>
    </ClCompile>
    <ClCompile Include="Enemy.cpp">
      <Filter>MainGame\Unit\Enemy</Filter>
    </ClCompile>
    <ClCompile Include="EnemyManager.cpp">
      <Filter>MainGame\Unit\Managers</Filter>
    </ClCompile>
  </ItemGroup>
  <ItemGroup>
    <ResourceCompile Include="2DFrameWork.rc">
      <Filter>리소스 파일</Filter>
    </ResourceCompile>
  </ItemGroup>
  <ItemGroup>
    <Image Include="small.ico">
      <Filter>리소스 파일</Filter>
    </Image>
    <Image Include="2DFrameWork.ico">
      <Filter>리소스 파일</Filter>
    </Image>
  </ItemGroup>
</Project>